// !$*UTF8*$!
{
	archiveVersion = 1;
	classes = {
	};
	objectVersion = 55;
	objects = {

/* Begin PBXBuildFile section */
		1C4D9A662703EE6300B48721 /* AppDelegate.swift in Sources */ = {isa = PBXBuildFile; fileRef = 1C4D9A652703EE6300B48721 /* AppDelegate.swift */; };
		1C4D9A682703EE6300B48721 /* SceneDelegate.swift in Sources */ = {isa = PBXBuildFile; fileRef = 1C4D9A672703EE6300B48721 /* SceneDelegate.swift */; };
		1C4D9A6A2703EE6300B48721 /* ViewController.swift in Sources */ = {isa = PBXBuildFile; fileRef = 1C4D9A692703EE6300B48721 /* ViewController.swift */; };
		1C4D9A6D2703EE6300B48721 /* Main.storyboard in Resources */ = {isa = PBXBuildFile; fileRef = 1C4D9A6B2703EE6300B48721 /* Main.storyboard */; };
		1C4D9A6F2703EE6500B48721 /* Assets.xcassets in Resources */ = {isa = PBXBuildFile; fileRef = 1C4D9A6E2703EE6500B48721 /* Assets.xcassets */; };
		1C4D9A722703EE6500B48721 /* LaunchScreen.storyboard in Resources */ = {isa = PBXBuildFile; fileRef = 1C4D9A702703EE6500B48721 /* LaunchScreen.storyboard */; };
		1C4D9A7D2703EE6500B48721 /* MomentsTests.swift in Sources */ = {isa = PBXBuildFile; fileRef = 1C4D9A7C2703EE6500B48721 /* MomentsTests.swift */; };
		1C4D9A872703EE6500B48721 /* MomentsUITests.swift in Sources */ = {isa = PBXBuildFile; fileRef = 1C4D9A862703EE6500B48721 /* MomentsUITests.swift */; };
		1C4D9A892703EE6500B48721 /* MomentsUITestsLaunchTests.swift in Sources */ = {isa = PBXBuildFile; fileRef = 1C4D9A882703EE6500B48721 /* MomentsUITestsLaunchTests.swift */; };
/* End PBXBuildFile section */

/* Begin PBXContainerItemProxy section */
		1C4D9A792703EE6500B48721 /* PBXContainerItemProxy */ = {
			isa = PBXContainerItemProxy;
			containerPortal = 1C4D9A5A2703EE6300B48721 /* Project object */;
			proxyType = 1;
			remoteGlobalIDString = 1C4D9A612703EE6300B48721;
			remoteInfo = Moments;
		};
		1C4D9A832703EE6500B48721 /* PBXContainerItemProxy */ = {
			isa = PBXContainerItemProxy;
			containerPortal = 1C4D9A5A2703EE6300B48721 /* Project object */;
			proxyType = 1;
			remoteGlobalIDString = 1C4D9A612703EE6300B48721;
			remoteInfo = Moments;
		};
/* End PBXContainerItemProxy section */

/* Begin PBXFileReference section */
		1C4D9A622703EE6300B48721 /* Moments.app */ = {isa = PBXFileReference; explicitFileType = wrapper.application; includeInIndex = 0; path = Moments.app; sourceTree = BUILT_PRODUCTS_DIR; };
		1C4D9A652703EE6300B48721 /* AppDelegate.swift */ = {isa = PBXFileReference; lastKnownFileType = sourcecode.swift; path = AppDelegate.swift; sourceTree = "<group>"; };
		1C4D9A672703EE6300B48721 /* SceneDelegate.swift */ = {isa = PBXFileReference; lastKnownFileType = sourcecode.swift; path = SceneDelegate.swift; sourceTree = "<group>"; };
		1C4D9A692703EE6300B48721 /* ViewController.swift */ = {isa = PBXFileReference; lastKnownFileType = sourcecode.swift; path = ViewController.swift; sourceTree = "<group>"; };
		1C4D9A6C2703EE6300B48721 /* Base */ = {isa = PBXFileReference; lastKnownFileType = file.storyboard; name = Base; path = Base.lproj/Main.storyboard; sourceTree = "<group>"; };
		1C4D9A6E2703EE6500B48721 /* Assets.xcassets */ = {isa = PBXFileReference; lastKnownFileType = folder.assetcatalog; path = Assets.xcassets; sourceTree = "<group>"; };
		1C4D9A712703EE6500B48721 /* Base */ = {isa = PBXFileReference; lastKnownFileType = file.storyboard; name = Base; path = Base.lproj/LaunchScreen.storyboard; sourceTree = "<group>"; };
		1C4D9A732703EE6500B48721 /* Info.plist */ = {isa = PBXFileReference; lastKnownFileType = text.plist.xml; path = Info.plist; sourceTree = "<group>"; };
		1C4D9A782703EE6500B48721 /* MomentsTests.xctest */ = {isa = PBXFileReference; explicitFileType = wrapper.cfbundle; includeInIndex = 0; path = MomentsTests.xctest; sourceTree = BUILT_PRODUCTS_DIR; };
		1C4D9A7C2703EE6500B48721 /* MomentsTests.swift */ = {isa = PBXFileReference; lastKnownFileType = sourcecode.swift; path = MomentsTests.swift; sourceTree = "<group>"; };
		1C4D9A822703EE6500B48721 /* MomentsUITests.xctest */ = {isa = PBXFileReference; explicitFileType = wrapper.cfbundle; includeInIndex = 0; path = MomentsUITests.xctest; sourceTree = BUILT_PRODUCTS_DIR; };
		1C4D9A862703EE6500B48721 /* MomentsUITests.swift */ = {isa = PBXFileReference; lastKnownFileType = sourcecode.swift; path = MomentsUITests.swift; sourceTree = "<group>"; };
		1C4D9A882703EE6500B48721 /* MomentsUITestsLaunchTests.swift */ = {isa = PBXFileReference; lastKnownFileType = sourcecode.swift; path = MomentsUITestsLaunchTests.swift; sourceTree = "<group>"; };
/* End PBXFileReference section */

/* Begin PBXFrameworksBuildPhase section */
		1C4D9A5F2703EE6300B48721 /* Frameworks */ = {
			isa = PBXFrameworksBuildPhase;
			buildActionMask = 2147483647;
			files = (
			);
			runOnlyForDeploymentPostprocessing = 0;
		};
		1C4D9A752703EE6500B48721 /* Frameworks */ = {
			isa = PBXFrameworksBuildPhase;
			buildActionMask = 2147483647;
			files = (
			);
			runOnlyForDeploymentPostprocessing = 0;
		};
		1C4D9A7F2703EE6500B48721 /* Frameworks */ = {
			isa = PBXFrameworksBuildPhase;
			buildActionMask = 2147483647;
			files = (
			);
			runOnlyForDeploymentPostprocessing = 0;
		};
/* End PBXFrameworksBuildPhase section */

/* Begin PBXGroup section */
		1C4D9A592703EE6300B48721 = {
			isa = PBXGroup;
			children = (
				1C4D9A642703EE6300B48721 /* Moments */,
				1C4D9A7B2703EE6500B48721 /* MomentsTests */,
				1C4D9A852703EE6500B48721 /* MomentsUITests */,
				1C4D9A632703EE6300B48721 /* Products */,
			);
			sourceTree = "<group>";
		};
		1C4D9A632703EE6300B48721 /* Products */ = {
			isa = PBXGroup;
			children = (
				1C4D9A622703EE6300B48721 /* Moments.app */,
				1C4D9A782703EE6500B48721 /* MomentsTests.xctest */,
				1C4D9A822703EE6500B48721 /* MomentsUITests.xctest */,
			);
			name = Products;
			sourceTree = "<group>";
		};
		1C4D9A642703EE6300B48721 /* Moments */ = {
			isa = PBXGroup;
			children = (
				1C4D9A652703EE6300B48721 /* AppDelegate.swift */,
				1C4D9A672703EE6300B48721 /* SceneDelegate.swift */,
				1C4D9A692703EE6300B48721 /* ViewController.swift */,
				1C4D9A6B2703EE6300B48721 /* Main.storyboard */,
				1C4D9A6E2703EE6500B48721 /* Assets.xcassets */,
				1C4D9A702703EE6500B48721 /* LaunchScreen.storyboard */,
				1C4D9A732703EE6500B48721 /* Info.plist */,
			);
			path = Moments;
			sourceTree = "<group>";
		};
		1C4D9A7B2703EE6500B48721 /* MomentsTests */ = {
			isa = PBXGroup;
			children = (
				1C4D9A7C2703EE6500B48721 /* MomentsTests.swift */,
			);
			path = MomentsTests;
			sourceTree = "<group>";
		};
		1C4D9A852703EE6500B48721 /* MomentsUITests */ = {
			isa = PBXGroup;
			children = (
				1C4D9A862703EE6500B48721 /* MomentsUITests.swift */,
				1C4D9A882703EE6500B48721 /* MomentsUITestsLaunchTests.swift */,
			);
			path = MomentsUITests;
			sourceTree = "<group>";
		};
/* End PBXGroup section */

/* Begin PBXNativeTarget section */
		1C4D9A612703EE6300B48721 /* Moments */ = {
			isa = PBXNativeTarget;
			buildConfigurationList = 1C4D9A8C2703EE6500B48721 /* Build configuration list for PBXNativeTarget "Moments" */;
			buildPhases = (
				1C4D9A5E2703EE6300B48721 /* Sources */,
				1C4D9A5F2703EE6300B48721 /* Frameworks */,
				1C4D9A602703EE6300B48721 /* Resources */,
			);
			buildRules = (
			);
			dependencies = (
			);
			name = Moments;
			productName = Moments;
			productReference = 1C4D9A622703EE6300B48721 /* Moments.app */;
			productType = "com.apple.product-type.application";
		};
		1C4D9A772703EE6500B48721 /* MomentsTests */ = {
			isa = PBXNativeTarget;
			buildConfigurationList = 1C4D9A8F2703EE6500B48721 /* Build configuration list for PBXNativeTarget "MomentsTests" */;
			buildPhases = (
				1C4D9A742703EE6500B48721 /* Sources */,
				1C4D9A752703EE6500B48721 /* Frameworks */,
				1C4D9A762703EE6500B48721 /* Resources */,
			);
			buildRules = (
			);
			dependencies = (
				1C4D9A7A2703EE6500B48721 /* PBXTargetDependency */,
			);
			name = MomentsTests;
			productName = MomentsTests;
			productReference = 1C4D9A782703EE6500B48721 /* MomentsTests.xctest */;
			productType = "com.apple.product-type.bundle.unit-test";
		};
		1C4D9A812703EE6500B48721 /* MomentsUITests */ = {
			isa = PBXNativeTarget;
			buildConfigurationList = 1C4D9A922703EE6500B48721 /* Build configuration list for PBXNativeTarget "MomentsUITests" */;
			buildPhases = (
				1C4D9A7E2703EE6500B48721 /* Sources */,
				1C4D9A7F2703EE6500B48721 /* Frameworks */,
				1C4D9A802703EE6500B48721 /* Resources */,
			);
			buildRules = (
			);
			dependencies = (
				1C4D9A842703EE6500B48721 /* PBXTargetDependency */,
			);
			name = MomentsUITests;
			productName = MomentsUITests;
			productReference = 1C4D9A822703EE6500B48721 /* MomentsUITests.xctest */;
			productType = "com.apple.product-type.bundle.ui-testing";
		};
/* End PBXNativeTarget section */

/* Begin PBXProject section */
		1C4D9A5A2703EE6300B48721 /* Project object */ = {
			isa = PBXProject;
			attributes = {
				BuildIndependentTargetsInParallel = 1;
				LastSwiftUpdateCheck = 1300;
				LastUpgradeCheck = 1300;
				TargetAttributes = {
					1C4D9A612703EE6300B48721 = {
						CreatedOnToolsVersion = 13.0;
					};
					1C4D9A772703EE6500B48721 = {
						CreatedOnToolsVersion = 13.0;
						TestTargetID = 1C4D9A612703EE6300B48721;
					};
					1C4D9A812703EE6500B48721 = {
						CreatedOnToolsVersion = 13.0;
						TestTargetID = 1C4D9A612703EE6300B48721;
					};
				};
			};
			buildConfigurationList = 1C4D9A5D2703EE6300B48721 /* Build configuration list for PBXProject "Moments" */;
			compatibilityVersion = "Xcode 13.0";
			developmentRegion = en;
			hasScannedForEncodings = 0;
			knownRegions = (
				en,
				Base,
			);
			mainGroup = 1C4D9A592703EE6300B48721;
			productRefGroup = 1C4D9A632703EE6300B48721 /* Products */;
			projectDirPath = "";
			projectRoot = "";
			targets = (
				1C4D9A612703EE6300B48721 /* Moments */,
				1C4D9A772703EE6500B48721 /* MomentsTests */,
				1C4D9A812703EE6500B48721 /* MomentsUITests */,
			);
		};
/* End PBXProject section */

/* Begin PBXResourcesBuildPhase section */
		1C4D9A602703EE6300B48721 /* Resources */ = {
			isa = PBXResourcesBuildPhase;
			buildActionMask = 2147483647;
			files = (
				1C4D9A722703EE6500B48721 /* LaunchScreen.storyboard in Resources */,
				1C4D9A6F2703EE6500B48721 /* Assets.xcassets in Resources */,
				1C4D9A6D2703EE6300B48721 /* Main.storyboard in Resources */,
			);
			runOnlyForDeploymentPostprocessing = 0;
		};
		1C4D9A762703EE6500B48721 /* Resources */ = {
			isa = PBXResourcesBuildPhase;
			buildActionMask = 2147483647;
			files = (
			);
			runOnlyForDeploymentPostprocessing = 0;
		};
		1C4D9A802703EE6500B48721 /* Resources */ = {
			isa = PBXResourcesBuildPhase;
			buildActionMask = 2147483647;
			files = (
			);
			runOnlyForDeploymentPostprocessing = 0;
		};
/* End PBXResourcesBuildPhase section */

/* Begin PBXSourcesBuildPhase section */
		1C4D9A5E2703EE6300B48721 /* Sources */ = {
			isa = PBXSourcesBuildPhase;
			buildActionMask = 2147483647;
			files = (
				1C4D9A6A2703EE6300B48721 /* ViewController.swift in Sources */,
				1C4D9A662703EE6300B48721 /* AppDelegate.swift in Sources */,
				1C4D9A682703EE6300B48721 /* SceneDelegate.swift in Sources */,
			);
			runOnlyForDeploymentPostprocessing = 0;
		};
		1C4D9A742703EE6500B48721 /* Sources */ = {
			isa = PBXSourcesBuildPhase;
			buildActionMask = 2147483647;
			files = (
				1C4D9A7D2703EE6500B48721 /* MomentsTests.swift in Sources */,
			);
			runOnlyForDeploymentPostprocessing = 0;
		};
		1C4D9A7E2703EE6500B48721 /* Sources */ = {
			isa = PBXSourcesBuildPhase;
			buildActionMask = 2147483647;
			files = (
				1C4D9A892703EE6500B48721 /* MomentsUITestsLaunchTests.swift in Sources */,
				1C4D9A872703EE6500B48721 /* MomentsUITests.swift in Sources */,
			);
			runOnlyForDeploymentPostprocessing = 0;
		};
/* End PBXSourcesBuildPhase section */

/* Begin PBXTargetDependency section */
		1C4D9A7A2703EE6500B48721 /* PBXTargetDependency */ = {
			isa = PBXTargetDependency;
			target = 1C4D9A612703EE6300B48721 /* Moments */;
			targetProxy = 1C4D9A792703EE6500B48721 /* PBXContainerItemProxy */;
		};
		1C4D9A842703EE6500B48721 /* PBXTargetDependency */ = {
			isa = PBXTargetDependency;
			target = 1C4D9A612703EE6300B48721 /* Moments */;
			targetProxy = 1C4D9A832703EE6500B48721 /* PBXContainerItemProxy */;
		};
/* End PBXTargetDependency section */

/* Begin PBXVariantGroup section */
		1C4D9A6B2703EE6300B48721 /* Main.storyboard */ = {
			isa = PBXVariantGroup;
			children = (
				1C4D9A6C2703EE6300B48721 /* Base */,
			);
			name = Main.storyboard;
			sourceTree = "<group>";
		};
		1C4D9A702703EE6500B48721 /* LaunchScreen.storyboard */ = {
			isa = PBXVariantGroup;
			children = (
				1C4D9A712703EE6500B48721 /* Base */,
			);
			name = LaunchScreen.storyboard;
			sourceTree = "<group>";
		};
/* End PBXVariantGroup section */

/* Begin XCBuildConfiguration section */
		1C4D9A8A2703EE6500B48721 /* Debug */ = {
			isa = XCBuildConfiguration;
			buildSettings = {
				ALWAYS_SEARCH_USER_PATHS = NO;
				CLANG_ANALYZER_NONNULL = YES;
				CLANG_ANALYZER_NUMBER_OBJECT_CONVERSION = YES_AGGRESSIVE;
				CLANG_CXX_LANGUAGE_STANDARD = "gnu++17";
				CLANG_CXX_LIBRARY = "libc++";
				CLANG_ENABLE_MODULES = YES;
				CLANG_ENABLE_OBJC_ARC = YES;
				CLANG_ENABLE_OBJC_WEAK = YES;
				CLANG_WARN_BLOCK_CAPTURE_AUTORELEASING = YES;
				CLANG_WARN_BOOL_CONVERSION = YES;
				CLANG_WARN_COMMA = YES;
				CLANG_WARN_CONSTANT_CONVERSION = YES;
				CLANG_WARN_DEPRECATED_OBJC_IMPLEMENTATIONS = YES;
				CLANG_WARN_DIRECT_OBJC_ISA_USAGE = YES_ERROR;
				CLANG_WARN_DOCUMENTATION_COMMENTS = YES;
				CLANG_WARN_EMPTY_BODY = YES;
				CLANG_WARN_ENUM_CONVERSION = YES;
				CLANG_WARN_INFINITE_RECURSION = YES;
				CLANG_WARN_INT_CONVERSION = YES;
				CLANG_WARN_NON_LITERAL_NULL_CONVERSION = YES;
				CLANG_WARN_OBJC_IMPLICIT_RETAIN_SELF = YES;
				CLANG_WARN_OBJC_LITERAL_CONVERSION = YES;
				CLANG_WARN_OBJC_ROOT_CLASS = YES_ERROR;
				CLANG_WARN_QUOTED_INCLUDE_IN_FRAMEWORK_HEADER = YES;
				CLANG_WARN_RANGE_LOOP_ANALYSIS = YES;
				CLANG_WARN_STRICT_PROTOTYPES = YES;
				CLANG_WARN_SUSPICIOUS_MOVE = YES;
				CLANG_WARN_UNGUARDED_AVAILABILITY = YES_AGGRESSIVE;
				CLANG_WARN_UNREACHABLE_CODE = YES;
				CLANG_WARN__DUPLICATE_METHOD_MATCH = YES;
				COPY_PHASE_STRIP = NO;
				DEBUG_INFORMATION_FORMAT = dwarf;
				ENABLE_STRICT_OBJC_MSGSEND = YES;
				ENABLE_TESTABILITY = YES;
				GCC_C_LANGUAGE_STANDARD = gnu11;
				GCC_DYNAMIC_NO_PIC = NO;
				GCC_NO_COMMON_BLOCKS = YES;
				GCC_OPTIMIZATION_LEVEL = 0;
				GCC_PREPROCESSOR_DEFINITIONS = (
					"DEBUG=1",
					"$(inherited)",
				);
				GCC_WARN_64_TO_32_BIT_CONVERSION = YES;
				GCC_WARN_ABOUT_RETURN_TYPE = YES_ERROR;
				GCC_WARN_UNDECLARED_SELECTOR = YES;
				GCC_WARN_UNINITIALIZED_AUTOS = YES_AGGRESSIVE;
				GCC_WARN_UNUSED_FUNCTION = YES;
				GCC_WARN_UNUSED_VARIABLE = YES;
				IPHONEOS_DEPLOYMENT_TARGET = 15.0;
				MTL_ENABLE_DEBUG_INFO = INCLUDE_SOURCE;
				MTL_FAST_MATH = YES;
				ONLY_ACTIVE_ARCH = YES;
				SDKROOT = iphoneos;
				SWIFT_ACTIVE_COMPILATION_CONDITIONS = DEBUG;
				SWIFT_OPTIMIZATION_LEVEL = "-Onone";
			};
			name = Debug;
		};
		1C4D9A8B2703EE6500B48721 /* Release */ = {
			isa = XCBuildConfiguration;
			buildSettings = {
				ALWAYS_SEARCH_USER_PATHS = NO;
				CLANG_ANALYZER_NONNULL = YES;
				CLANG_ANALYZER_NUMBER_OBJECT_CONVERSION = YES_AGGRESSIVE;
				CLANG_CXX_LANGUAGE_STANDARD = "gnu++17";
				CLANG_CXX_LIBRARY = "libc++";
				CLANG_ENABLE_MODULES = YES;
				CLANG_ENABLE_OBJC_ARC = YES;
				CLANG_ENABLE_OBJC_WEAK = YES;
				CLANG_WARN_BLOCK_CAPTURE_AUTORELEASING = YES;
				CLANG_WARN_BOOL_CONVERSION = YES;
				CLANG_WARN_COMMA = YES;
				CLANG_WARN_CONSTANT_CONVERSION = YES;
				CLANG_WARN_DEPRECATED_OBJC_IMPLEMENTATIONS = YES;
				CLANG_WARN_DIRECT_OBJC_ISA_USAGE = YES_ERROR;
				CLANG_WARN_DOCUMENTATION_COMMENTS = YES;
				CLANG_WARN_EMPTY_BODY = YES;
				CLANG_WARN_ENUM_CONVERSION = YES;
				CLANG_WARN_INFINITE_RECURSION = YES;
				CLANG_WARN_INT_CONVERSION = YES;
				CLANG_WARN_NON_LITERAL_NULL_CONVERSION = YES;
				CLANG_WARN_OBJC_IMPLICIT_RETAIN_SELF = YES;
				CLANG_WARN_OBJC_LITERAL_CONVERSION = YES;
				CLANG_WARN_OBJC_ROOT_CLASS = YES_ERROR;
				CLANG_WARN_QUOTED_INCLUDE_IN_FRAMEWORK_HEADER = YES;
				CLANG_WARN_RANGE_LOOP_ANALYSIS = YES;
				CLANG_WARN_STRICT_PROTOTYPES = YES;
				CLANG_WARN_SUSPICIOUS_MOVE = YES;
				CLANG_WARN_UNGUARDED_AVAILABILITY = YES_AGGRESSIVE;
				CLANG_WARN_UNREACHABLE_CODE = YES;
				CLANG_WARN__DUPLICATE_METHOD_MATCH = YES;
				COPY_PHASE_STRIP = NO;
				DEBUG_INFORMATION_FORMAT = "dwarf-with-dsym";
				ENABLE_NS_ASSERTIONS = NO;
				ENABLE_STRICT_OBJC_MSGSEND = YES;
				GCC_C_LANGUAGE_STANDARD = gnu11;
				GCC_NO_COMMON_BLOCKS = YES;
				GCC_WARN_64_TO_32_BIT_CONVERSION = YES;
				GCC_WARN_ABOUT_RETURN_TYPE = YES_ERROR;
				GCC_WARN_UNDECLARED_SELECTOR = YES;
				GCC_WARN_UNINITIALIZED_AUTOS = YES_AGGRESSIVE;
				GCC_WARN_UNUSED_FUNCTION = YES;
				GCC_WARN_UNUSED_VARIABLE = YES;
				IPHONEOS_DEPLOYMENT_TARGET = 15.0;
				MTL_ENABLE_DEBUG_INFO = NO;
				MTL_FAST_MATH = YES;
				SDKROOT = iphoneos;
				SWIFT_COMPILATION_MODE = wholemodule;
				SWIFT_OPTIMIZATION_LEVEL = "-O";
				VALIDATE_PRODUCT = YES;
			};
			name = Release;
		};
		1C4D9A8D2703EE6500B48721 /* Debug */ = {
			isa = XCBuildConfiguration;
			buildSettings = {
				ASSETCATALOG_COMPILER_APPICON_NAME = AppIcon;
				ASSETCATALOG_COMPILER_GLOBAL_ACCENT_COLOR_NAME = AccentColor;
				CODE_SIGN_STYLE = Automatic;
				CURRENT_PROJECT_VERSION = 1;
				DEVELOPMENT_TEAM = 6Z7H85KLFJ;
				GENERATE_INFOPLIST_FILE = YES;
				INFOPLIST_FILE = Moments/Info.plist;
				INFOPLIST_KEY_UIApplicationSupportsIndirectInputEvents = YES;
				INFOPLIST_KEY_UILaunchStoryboardName = LaunchScreen;
				INFOPLIST_KEY_UIMainStoryboardFile = Main;
				INFOPLIST_KEY_UISupportedInterfaceOrientations_iPad = "UIInterfaceOrientationPortrait UIInterfaceOrientationPortraitUpsideDown UIInterfaceOrientationLandscapeLeft UIInterfaceOrientationLandscapeRight";
				INFOPLIST_KEY_UISupportedInterfaceOrientations_iPhone = "UIInterfaceOrientationPortrait UIInterfaceOrientationLandscapeLeft UIInterfaceOrientationLandscapeRight";
				LD_RUNPATH_SEARCH_PATHS = (
					"$(inherited)",
					"@executable_path/Frameworks",
				);
				MARKETING_VERSION = 1.0;
				PRODUCT_BUNDLE_IDENTIFIER = com.yxz.Moments;
				PRODUCT_NAME = "$(TARGET_NAME)";
				SWIFT_EMIT_LOC_STRINGS = YES;
				SWIFT_VERSION = 5.0;
				TARGETED_DEVICE_FAMILY = "1,2";
			};
			name = Debug;
		};
		1C4D9A8E2703EE6500B48721 /* Release */ = {
			isa = XCBuildConfiguration;
			buildSettings = {
				ASSETCATALOG_COMPILER_APPICON_NAME = AppIcon;
				ASSETCATALOG_COMPILER_GLOBAL_ACCENT_COLOR_NAME = AccentColor;
				CODE_SIGN_STYLE = Automatic;
				CURRENT_PROJECT_VERSION = 1;
				DEVELOPMENT_TEAM = 6Z7H85KLFJ;
				GENERATE_INFOPLIST_FILE = YES;
				INFOPLIST_FILE = Moments/Info.plist;
				INFOPLIST_KEY_UIApplicationSupportsIndirectInputEvents = YES;
				INFOPLIST_KEY_UILaunchStoryboardName = LaunchScreen;
				INFOPLIST_KEY_UIMainStoryboardFile = Main;
				INFOPLIST_KEY_UISupportedInterfaceOrientations_iPad = "UIInterfaceOrientationPortrait UIInterfaceOrientationPortraitUpsideDown UIInterfaceOrientationLandscapeLeft UIInterfaceOrientationLandscapeRight";
				INFOPLIST_KEY_UISupportedInterfaceOrientations_iPhone = "UIInterfaceOrientationPortrait UIInterfaceOrientationLandscapeLeft UIInterfaceOrientationLandscapeRight";
				LD_RUNPATH_SEARCH_PATHS = (
					"$(inherited)",
					"@executable_path/Frameworks",
				);
				MARKETING_VERSION = 1.0;
				PRODUCT_BUNDLE_IDENTIFIER = com.yxz.Moments;
				PRODUCT_NAME = "$(TARGET_NAME)";
				SWIFT_EMIT_LOC_STRINGS = YES;
				SWIFT_VERSION = 5.0;
				TARGETED_DEVICE_FAMILY = "1,2";
			};
			name = Release;
		};
		1C4D9A902703EE6500B48721 /* Debug */ = {
			isa = XCBuildConfiguration;
			buildSettings = {
				ALWAYS_EMBED_SWIFT_STANDARD_LIBRARIES = YES;
				BUNDLE_LOADER = "$(TEST_HOST)";
				CODE_SIGN_STYLE = Automatic;
				CURRENT_PROJECT_VERSION = 1;
				DEVELOPMENT_TEAM = 6Z7H85KLFJ;
				GENERATE_INFOPLIST_FILE = YES;
				IPHONEOS_DEPLOYMENT_TARGET = 15.0;
				LD_RUNPATH_SEARCH_PATHS = (
					"$(inherited)",
					"@executable_path/Frameworks",
					"@loader_path/Frameworks",
				);
				MARKETING_VERSION = 1.0;
				PRODUCT_BUNDLE_IDENTIFIER = com.yxz.MomentsTests;
				PRODUCT_NAME = "$(TARGET_NAME)";
				SWIFT_EMIT_LOC_STRINGS = NO;
				SWIFT_VERSION = 5.0;
				TARGETED_DEVICE_FAMILY = "1,2";
				TEST_HOST = "$(BUILT_PRODUCTS_DIR)/Moments.app/Moments";
			};
			name = Debug;
		};
		1C4D9A912703EE6500B48721 /* Release */ = {
			isa = XCBuildConfiguration;
			buildSettings = {
				ALWAYS_EMBED_SWIFT_STANDARD_LIBRARIES = YES;
				BUNDLE_LOADER = "$(TEST_HOST)";
				CODE_SIGN_STYLE = Automatic;
				CURRENT_PROJECT_VERSION = 1;
				DEVELOPMENT_TEAM = 6Z7H85KLFJ;
				GENERATE_INFOPLIST_FILE = YES;
				IPHONEOS_DEPLOYMENT_TARGET = 15.0;
				LD_RUNPATH_SEARCH_PATHS = (
					"$(inherited)",
					"@executable_path/Frameworks",
					"@loader_path/Frameworks",
				);
				MARKETING_VERSION = 1.0;
				PRODUCT_BUNDLE_IDENTIFIER = com.yxz.MomentsTests;
				PRODUCT_NAME = "$(TARGET_NAME)";
				SWIFT_EMIT_LOC_STRINGS = NO;
				SWIFT_VERSION = 5.0;
				TARGETED_DEVICE_FAMILY = "1,2";
				TEST_HOST = "$(BUILT_PRODUCTS_DIR)/Moments.app/Moments";
			};
			name = Release;
		};
		1C4D9A932703EE6500B48721 /* Debug */ = {
			isa = XCBuildConfiguration;
			buildSettings = {
				ALWAYS_EMBED_SWIFT_STANDARD_LIBRARIES = YES;
				CODE_SIGN_STYLE = Automatic;
				CURRENT_PROJECT_VERSION = 1;
				DEVELOPMENT_TEAM = 6Z7H85KLFJ;
				GENERATE_INFOPLIST_FILE = YES;
				LD_RUNPATH_SEARCH_PATHS = (
					"$(inherited)",
					"@executable_path/Frameworks",
					"@loader_path/Frameworks",
				);
				MARKETING_VERSION = 1.0;
				PRODUCT_BUNDLE_IDENTIFIER = com.yxz.MomentsUITests;
				PRODUCT_NAME = "$(TARGET_NAME)";
				SWIFT_EMIT_LOC_STRINGS = NO;
				SWIFT_VERSION = 5.0;
				TARGETED_DEVICE_FAMILY = "1,2";
				TEST_TARGET_NAME = Moments;
			};
			name = Debug;
		};
		1C4D9A942703EE6500B48721 /* Release */ = {
			isa = XCBuildConfiguration;
			buildSettings = {
				ALWAYS_EMBED_SWIFT_STANDARD_LIBRARIES = YES;
				CODE_SIGN_STYLE = Automatic;
				CURRENT_PROJECT_VERSION = 1;
				DEVELOPMENT_TEAM = 6Z7H85KLFJ;
				GENERATE_INFOPLIST_FILE = YES;
				LD_RUNPATH_SEARCH_PATHS = (
					"$(inherited)",
					"@executable_path/Frameworks",
					"@loader_path/Frameworks",
				);
				MARKETING_VERSION = 1.0;
				PRODUCT_BUNDLE_IDENTIFIER = com.yxz.MomentsUITests;
				PRODUCT_NAME = "$(TARGET_NAME)";
				SWIFT_EMIT_LOC_STRINGS = NO;
				SWIFT_VERSION = 5.0;
				TARGETED_DEVICE_FAMILY = "1,2";
				TEST_TARGET_NAME = Moments;
			};
			name = Release;
		};
/* End XCBuildConfiguration section */

/* Begin XCConfigurationList section */
		1C4D9A5D2703EE6300B48721 /* Build configuration list for PBXProject "Moments" */ = {
			isa = XCConfigurationList;
			buildConfigurations = (
				1C4D9A8A2703EE6500B48721 /* Debug */,
				1C4D9A8B2703EE6500B48721 /* Release */,
			);
			defaultConfigurationIsVisible = 0;
			defaultConfigurationName = Release;
		};
		1C4D9A8C2703EE6500B48721 /* Build configuration list for PBXNativeTarget "Moments" */ = {
			isa = XCConfigurationList;
			buildConfigurations = (
				1C4D9A8D2703EE6500B48721 /* Debug */,
				1C4D9A8E2703EE6500B48721 /* Release */,
			);
			defaultConfigurationIsVisible = 0;
			defaultConfigurationName = Release;
		};
		1C4D9A8F2703EE6500B48721 /* Build configuration list for PBXNativeTarget "MomentsTests" */ = {
			isa = XCConfigurationList;
			buildConfigurations = (
				1C4D9A902703EE6500B48721 /* Debug */,
				1C4D9A912703EE6500B48721 /* Release */,
			);
			defaultConfigurationIsVisible = 0;
			defaultConfigurationName = Release;
		};
		1C4D9A922703EE6500B48721 /* Build configuration list for PBXNativeTarget "MomentsUITests" */ = {
			isa = XCConfigurationList;
			buildConfigurations = (
				1C4D9A932703EE6500B48721 /* Debug */,
				1C4D9A942703EE6500B48721 /* Release */,
			);
			defaultConfigurationIsVisible = 0;
			defaultConfigurationName = Release;
		};
/* End XCConfigurationList section */
	};
	rootObject = 1C4D9A5A2703EE6300B48721 /* Project object */;
}
